GEM
  remote: https://rubygems.org/
  specs:
    atk (4.3.3)
      glib2 (= 4.3.3)
      rake
    cairo (1.18.4)
      native-package-installer (>= 1.0.3)
      pkg-config (>= 1.2.2)
      red-colors
    cairo-gobject (4.3.3)
      cairo (>= 1.16.2)
      glib2 (= 4.3.3)
    diff-lcs (1.6.2)
    exif (2.2.4)
    fiddle (1.1.8)
    gdk4 (4.3.3)
      cairo-gobject (= 4.3.3)
      gdk_pixbuf2 (= 4.3.3)
      pango (= 4.3.3)
      rake
    gdk_pixbuf2 (4.3.3)
      gio2 (= 4.3.3)
      rake
    gio2 (4.3.3)
      fiddle
      gobject-introspection (= 4.3.3)
    glib2 (4.3.3)
      native-package-installer (>= 1.0.3)
      pkg-config (>= 1.3.5)
    gobject-introspection (4.3.3)
      glib2 (= 4.3.3)
    graphene1 (4.3.3)
      gobject-introspection (= 4.3.3)
    gsk4 (4.3.3)
      gdk4 (= 4.3.3)
      graphene1 (= 4.3.3)
    gtk4 (4.3.3)
      atk (= 4.3.3)
      gdk4 (= 4.3.3)
      gsk4 (= 4.3.3)
    json (2.16.0)
    matrix (0.4.3)
    native-package-installer (1.1.9)
    pango (4.3.3)
      cairo-gobject (= 4.3.3)
      gobject-introspection (= 4.3.3)
    pkg-config (1.6.4)
    rake (13.3.1)
    red-colors (0.4.0)
      json
      matrix
    rspec (3.13.2)
      rspec-core (~> 3.13.0)
      rspec-expectations (~> 3.13.0)
      rspec-mocks (~> 3.13.0)
    rspec-core (3.13.6)
      rspec-support (~> 3.13.0)
    rspec-expectations (3.13.5)
      diff-lcs (>= 1.2.0, < 2.0)
      rspec-support (~> 3.13.0)
    rspec-mocks (3.13.7)
      diff-lcs (>= 1.2.0, < 2.0)
      rspec-support (~> 3.13.0)
    rspec-support (3.13.6)

PLATFORMS
  ruby
  x86_64-linux

DEPENDENCIES
  exif
  gtk4
  rspec

BUNDLED WITH
   2.6.9
